<?xml version="1.0" encoding="utf-8"?>
<Project ToolsVersion="4.0" xmlns="http://schemas.microsoft.com/developer/msbuild/2003">
  <ItemGroup>
    <Filter Include="Core">
      <UniqueIdentifier>{7a9ff679-c84e-43d6-99fe-9082cffc2303}</UniqueIdentifier>
    </Filter>
    <Filter Include="Vista">
      <UniqueIdentifier>{e4cfe67c-6a5d-4fb9-b06b-a82d11009916}</UniqueIdentifier>
    </Filter>
    <Filter Include="Utilidades">
      <UniqueIdentifier>{f4539c51-a221-460f-b213-07e18e6c1593}</UniqueIdentifier>
    </Filter>
    <Filter Include="Core\Modelo">
      <UniqueIdentifier>{d0ecb938-d735-4252-b142-a1d088f91b2f}</UniqueIdentifier>
    </Filter>
    <Filter Include="Core\Controlador">
      <UniqueIdentifier>{ca1317b7-18e9-4f97-b48d-395c8a59f6b6}</UniqueIdentifier>
    </Filter>
  </ItemGroup>
  <ItemGroup>
    <ClCompile Include="Main.cpp" />
  </ItemGroup>
  <ItemGroup>
    <ClInclude Include="ListaEnlazada.h">
      <Filter>Core\Modelo</Filter>
    </ClInclude>
    <ClInclude Include="Tablero.h">
      <Filter>Core\Modelo</Filter>
    </ClInclude>
  </ItemGroup>
</Project>